// !$*UTF8*$!
{
	archiveVersion = 1;
	classes = {
	};
	objectVersion = 55;
	objects = {

/* Begin PBXBuildFile section */
		4A757FCD2879118000CE1CC3 /* MoodEntry.swift in Sources */ = {isa = PBXBuildFile; fileRef = 4A757FCC2879118000CE1CC3 /* MoodEntry.swift */; };
		4A757FCF28791E6700CE1CC3 /* DeleteButton.swift in Sources */ = {isa = PBXBuildFile; fileRef = 4A757FCE28791E6700CE1CC3 /* DeleteButton.swift */; };
		4AAD440B286CD40200091F9C /* Mood_SwiftUIApp.swift in Sources */ = {isa = PBXBuildFile; fileRef = 4AAD440A286CD40200091F9C /* Mood_SwiftUIApp.swift */; };
		4AAD440D286CD40200091F9C /* ContentView.swift in Sources */ = {isa = PBXBuildFile; fileRef = 4AAD440C286CD40200091F9C /* ContentView.swift */; };
		4AAD440F286CD40400091F9C /* Assets.xcassets in Resources */ = {isa = PBXBuildFile; fileRef = 4AAD440E286CD40400091F9C /* Assets.xcassets */; };
		4AAD4412286CD40400091F9C /* Preview Assets.xcassets in Resources */ = {isa = PBXBuildFile; fileRef = 4AAD4411286CD40400091F9C /* Preview Assets.xcassets */; };
		4AAD4414286CD40400091F9C /* Persistence.swift in Sources */ = {isa = PBXBuildFile; fileRef = 4AAD4413286CD40400091F9C /* Persistence.swift */; };
		4AAD4424286D1D4F00091F9C /* MoodView.swift in Sources */ = {isa = PBXBuildFile; fileRef = 4AAD4423286D1D4F00091F9C /* MoodView.swift */; };
		4AAD4426286D1D8400091F9C /* ActivityView.swift in Sources */ = {isa = PBXBuildFile; fileRef = 4AAD4425286D1D8400091F9C /* ActivityView.swift */; };
		4AAD4428286D1DC000091F9C /* MoodLog.swift in Sources */ = {isa = PBXBuildFile; fileRef = 4AAD4427286D1DC000091F9C /* MoodLog.swift */; };
		4AAD442A286D4FDC00091F9C /* NextButton.swift in Sources */ = {isa = PBXBuildFile; fileRef = 4AAD4429286D4FDC00091F9C /* NextButton.swift */; };
		4AC16FEE286E210E0051B9FB /* TextBox.swift in Sources */ = {isa = PBXBuildFile; fileRef = 4AC16FED286E210E0051B9FB /* TextBox.swift */; };
		4AC16FF0286FAF740051B9FB /* TimeView.swift in Sources */ = {isa = PBXBuildFile; fileRef = 4AC16FEF286FAF740051B9FB /* TimeView.swift */; };
		4AC16FF2286FC3C20051B9FB /* PopupView.swift in Sources */ = {isa = PBXBuildFile; fileRef = 4AC16FF1286FC3C20051B9FB /* PopupView.swift */; };
		4AC16FF4287259D80051B9FB /* Model.swift in Sources */ = {isa = PBXBuildFile; fileRef = 4AC16FF3287259D80051B9FB /* Model.swift */; };
		4AC16FF6287261020051B9FB /* ViewModel.swift in Sources */ = {isa = PBXBuildFile; fileRef = 4AC16FF5287261020051B9FB /* ViewModel.swift */; };
		4AC16FFE287688FC0051B9FB /* Mood.xcdatamodeld in Sources */ = {isa = PBXBuildFile; fileRef = 4AC16FFC287688FC0051B9FB /* Mood.xcdatamodeld */; };
/* End PBXBuildFile section */

/* Begin PBXFileReference section */
		4A757FCC2879118000CE1CC3 /* MoodEntry.swift */ = {isa = PBXFileReference; lastKnownFileType = sourcecode.swift; path = MoodEntry.swift; sourceTree = "<group>"; };
		4A757FCE28791E6700CE1CC3 /* DeleteButton.swift */ = {isa = PBXFileReference; lastKnownFileType = sourcecode.swift; path = DeleteButton.swift; sourceTree = "<group>"; };
		4AAD4407286CD40200091F9C /* Mood-SwiftUI.app */ = {isa = PBXFileReference; explicitFileType = wrapper.application; includeInIndex = 0; path = "Mood-SwiftUI.app"; sourceTree = BUILT_PRODUCTS_DIR; };
		4AAD440A286CD40200091F9C /* Mood_SwiftUIApp.swift */ = {isa = PBXFileReference; lastKnownFileType = sourcecode.swift; path = Mood_SwiftUIApp.swift; sourceTree = "<group>"; };
		4AAD440C286CD40200091F9C /* ContentView.swift */ = {isa = PBXFileReference; lastKnownFileType = sourcecode.swift; path = ContentView.swift; sourceTree = "<group>"; };
		4AAD440E286CD40400091F9C /* Assets.xcassets */ = {isa = PBXFileReference; lastKnownFileType = folder.assetcatalog; path = Assets.xcassets; sourceTree = "<group>"; };
		4AAD4411286CD40400091F9C /* Preview Assets.xcassets */ = {isa = PBXFileReference; lastKnownFileType = folder.assetcatalog; path = "Preview Assets.xcassets"; sourceTree = "<group>"; };
		4AAD4413286CD40400091F9C /* Persistence.swift */ = {isa = PBXFileReference; lastKnownFileType = sourcecode.swift; path = Persistence.swift; sourceTree = "<group>"; };
		4AAD4423286D1D4F00091F9C /* MoodView.swift */ = {isa = PBXFileReference; lastKnownFileType = sourcecode.swift; path = MoodView.swift; sourceTree = "<group>"; };
		4AAD4425286D1D8400091F9C /* ActivityView.swift */ = {isa = PBXFileReference; lastKnownFileType = sourcecode.swift; path = ActivityView.swift; sourceTree = "<group>"; };
		4AAD4427286D1DC000091F9C /* MoodLog.swift */ = {isa = PBXFileReference; lastKnownFileType = sourcecode.swift; path = MoodLog.swift; sourceTree = "<group>"; };
		4AAD4429286D4FDC00091F9C /* NextButton.swift */ = {isa = PBXFileReference; lastKnownFileType = sourcecode.swift; path = NextButton.swift; sourceTree = "<group>"; };
		4AC16FED286E210E0051B9FB /* TextBox.swift */ = {isa = PBXFileReference; lastKnownFileType = sourcecode.swift; path = TextBox.swift; sourceTree = "<group>"; };
		4AC16FEF286FAF740051B9FB /* TimeView.swift */ = {isa = PBXFileReference; lastKnownFileType = sourcecode.swift; path = TimeView.swift; sourceTree = "<group>"; };
		4AC16FF1286FC3C20051B9FB /* PopupView.swift */ = {isa = PBXFileReference; lastKnownFileType = sourcecode.swift; path = PopupView.swift; sourceTree = "<group>"; };
		4AC16FF3287259D80051B9FB /* Model.swift */ = {isa = PBXFileReference; lastKnownFileType = sourcecode.swift; path = Model.swift; sourceTree = "<group>"; };
		4AC16FF5287261020051B9FB /* ViewModel.swift */ = {isa = PBXFileReference; lastKnownFileType = sourcecode.swift; path = ViewModel.swift; sourceTree = "<group>"; };
		4AC16FFD287688FC0051B9FB /* Mood.xcdatamodel */ = {isa = PBXFileReference; lastKnownFileType = wrapper.xcdatamodel; path = Mood.xcdatamodel; sourceTree = "<group>"; };
/* End PBXFileReference section */

/* Begin PBXFrameworksBuildPhase section */
		4AAD4404286CD40200091F9C /* Frameworks */ = {
			isa = PBXFrameworksBuildPhase;
			buildActionMask = 2147483647;
			files = (
			);
			runOnlyForDeploymentPostprocessing = 0;
		};
/* End PBXFrameworksBuildPhase section */

/* Begin PBXGroup section */
		4A757FD02879210400CE1CC3 /* Components */ = {
			isa = PBXGroup;
			children = (
				4A757FCC2879118000CE1CC3 /* MoodEntry.swift */,
				4A757FCE28791E6700CE1CC3 /* DeleteButton.swift */,
				4AAD4429286D4FDC00091F9C /* NextButton.swift */,
				4AC16FF1286FC3C20051B9FB /* PopupView.swift */,
			);
			path = Components;
			sourceTree = "<group>";
		};
		4AAD43FE286CD40200091F9C = {
			isa = PBXGroup;
			children = (
				4AAD4409286CD40200091F9C /* Mood-SwiftUI */,
				4AAD4408286CD40200091F9C /* Products */,
			);
			sourceTree = "<group>";
		};
		4AAD4408286CD40200091F9C /* Products */ = {
			isa = PBXGroup;
			children = (
				4AAD4407286CD40200091F9C /* Mood-SwiftUI.app */,
			);
			name = Products;
			sourceTree = "<group>";
		};
		4AAD4409286CD40200091F9C /* Mood-SwiftUI */ = {
			isa = PBXGroup;
			children = (
				4AAD440A286CD40200091F9C /* Mood_SwiftUIApp.swift */,
				4AAD441F286D1C5600091F9C /* Models */,
				4AAD4420286D1C5D00091F9C /* ViewModels */,
				4AAD441D286D1C3E00091F9C /* Views */,
				4AAD440E286CD40400091F9C /* Assets.xcassets */,
				4AAD4413286CD40400091F9C /* Persistence.swift */,
				4AC16FFC287688FC0051B9FB /* Mood.xcdatamodeld */,
				4AAD4410286CD40400091F9C /* Preview Content */,
			);
			path = "Mood-SwiftUI";
			sourceTree = "<group>";
		};
		4AAD4410286CD40400091F9C /* Preview Content */ = {
			isa = PBXGroup;
			children = (
				4AAD4411286CD40400091F9C /* Preview Assets.xcassets */,
			);
			path = "Preview Content";
			sourceTree = "<group>";
		};
		4AAD441D286D1C3E00091F9C /* Views */ = {
			isa = PBXGroup;
			children = (
				4AAD440C286CD40200091F9C /* ContentView.swift */,
				4AC16FEF286FAF740051B9FB /* TimeView.swift */,
				4AAD4423286D1D4F00091F9C /* MoodView.swift */,
				4AAD4425286D1D8400091F9C /* ActivityView.swift */,
				4AC16FED286E210E0051B9FB /* TextBox.swift */,
				4AAD4427286D1DC000091F9C /* MoodLog.swift */,
				4A757FD02879210400CE1CC3 /* Components */,
			);
			path = Views;
			sourceTree = "<group>";
		};
		4AAD441F286D1C5600091F9C /* Models */ = {
			isa = PBXGroup;
			children = (
				4AC16FF3287259D80051B9FB /* Model.swift */,
			);
			path = Models;
			sourceTree = "<group>";
		};
		4AAD4420286D1C5D00091F9C /* ViewModels */ = {
			isa = PBXGroup;
			children = (
				4AC16FF5287261020051B9FB /* ViewModel.swift */,
			);
			path = ViewModels;
			sourceTree = "<group>";
		};
/* End PBXGroup section */

/* Begin PBXNativeTarget section */
		4AAD4406286CD40200091F9C /* Mood-SwiftUI */ = {
			isa = PBXNativeTarget;
			buildConfigurationList = 4AAD441A286CD40400091F9C /* Build configuration list for PBXNativeTarget "Mood-SwiftUI" */;
			buildPhases = (
				4AAD4403286CD40200091F9C /* Sources */,
				4AAD4404286CD40200091F9C /* Frameworks */,
				4AAD4405286CD40200091F9C /* Resources */,
			);
			buildRules = (
			);
			dependencies = (
			);
			name = "Mood-SwiftUI";
			productName = "Mood-SwiftUI";
			productReference = 4AAD4407286CD40200091F9C /* Mood-SwiftUI.app */;
			productType = "com.apple.product-type.application";
		};
/* End PBXNativeTarget section */

/* Begin PBXProject section */
		4AAD43FF286CD40200091F9C /* Project object */ = {
			isa = PBXProject;
			attributes = {
				BuildIndependentTargetsInParallel = 1;
				LastSwiftUpdateCheck = 1330;
				LastUpgradeCheck = 1330;
				TargetAttributes = {
					4AAD4406286CD40200091F9C = {
						CreatedOnToolsVersion = 13.3;
					};
				};
			};
			buildConfigurationList = 4AAD4402286CD40200091F9C /* Build configuration list for PBXProject "Mood-SwiftUI" */;
			compatibilityVersion = "Xcode 13.0";
			developmentRegion = en;
			hasScannedForEncodings = 0;
			knownRegions = (
				en,
				Base,
			);
			mainGroup = 4AAD43FE286CD40200091F9C;
			productRefGroup = 4AAD4408286CD40200091F9C /* Products */;
			projectDirPath = "";
			projectRoot = "";
			targets = (
				4AAD4406286CD40200091F9C /* Mood-SwiftUI */,
			);
		};
/* End PBXProject section */

/* Begin PBXResourcesBuildPhase section */
		4AAD4405286CD40200091F9C /* Resources */ = {
			isa = PBXResourcesBuildPhase;
			buildActionMask = 2147483647;
			files = (
				4AAD4412286CD40400091F9C /* Preview Assets.xcassets in Resources */,
				4AAD440F286CD40400091F9C /* Assets.xcassets in Resources */,
			);
			runOnlyForDeploymentPostprocessing = 0;
		};
/* End PBXResourcesBuildPhase section */

/* Begin PBXSourcesBuildPhase section */
		4AAD4403286CD40200091F9C /* Sources */ = {
			isa = PBXSourcesBuildPhase;
			buildActionMask = 2147483647;
			files = (
				4AAD4414286CD40400091F9C /* Persistence.swift in Sources */,
				4AAD4424286D1D4F00091F9C /* MoodView.swift in Sources */,
				4A757FCD2879118000CE1CC3 /* MoodEntry.swift in Sources */,
				4AAD442A286D4FDC00091F9C /* NextButton.swift in Sources */,
				4AC16FF0286FAF740051B9FB /* TimeView.swift in Sources */,
				4AAD4428286D1DC000091F9C /* MoodLog.swift in Sources */,
				4AC16FF6287261020051B9FB /* ViewModel.swift in Sources */,
				4AC16FF4287259D80051B9FB /* Model.swift in Sources */,
				4AC16FFE287688FC0051B9FB /* Mood.xcdatamodeld in Sources */,
				4AAD440D286CD40200091F9C /* ContentView.swift in Sources */,
				4AAD4426286D1D8400091F9C /* ActivityView.swift in Sources */,
				4A757FCF28791E6700CE1CC3 /* DeleteButton.swift in Sources */,
				4AC16FF2286FC3C20051B9FB /* PopupView.swift in Sources */,
				4AC16FEE286E210E0051B9FB /* TextBox.swift in Sources */,
				4AAD440B286CD40200091F9C /* Mood_SwiftUIApp.swift in Sources */,
			);
			runOnlyForDeploymentPostprocessing = 0;
		};
/* End PBXSourcesBuildPhase section */

/* Begin XCBuildConfiguration section */
		4AAD4418286CD40400091F9C /* Debug */ = {
			isa = XCBuildConfiguration;
			buildSettings = {
				ALWAYS_SEARCH_USER_PATHS = NO;
				CLANG_ANALYZER_NONNULL = YES;
				CLANG_ANALYZER_NUMBER_OBJECT_CONVERSION = YES_AGGRESSIVE;
				CLANG_CXX_LANGUAGE_STANDARD = "gnu++17";
				CLANG_ENABLE_MODULES = YES;
				CLANG_ENABLE_OBJC_ARC = YES;
				CLANG_ENABLE_OBJC_WEAK = YES;
				CLANG_WARN_BLOCK_CAPTURE_AUTORELEASING = YES;
				CLANG_WARN_BOOL_CONVERSION = YES;
				CLANG_WARN_COMMA = YES;
				CLANG_WARN_CONSTANT_CONVERSION = YES;
				CLANG_WARN_DEPRECATED_OBJC_IMPLEMENTATIONS = YES;
				CLANG_WARN_DIRECT_OBJC_ISA_USAGE = YES_ERROR;
				CLANG_WARN_DOCUMENTATION_COMMENTS = YES;
				CLANG_WARN_EMPTY_BODY = YES;
				CLANG_WARN_ENUM_CONVERSION = YES;
				CLANG_WARN_INFINITE_RECURSION = YES;
				CLANG_WARN_INT_CONVERSION = YES;
				CLANG_WARN_NON_LITERAL_NULL_CONVERSION = YES;
				CLANG_WARN_OBJC_IMPLICIT_RETAIN_SELF = YES;
				CLANG_WARN_OBJC_LITERAL_CONVERSION = YES;
				CLANG_WARN_OBJC_ROOT_CLASS = YES_ERROR;
				CLANG_WARN_QUOTED_INCLUDE_IN_FRAMEWORK_HEADER = YES;
				CLANG_WARN_RANGE_LOOP_ANALYSIS = YES;
				CLANG_WARN_STRICT_PROTOTYPES = YES;
				CLANG_WARN_SUSPICIOUS_MOVE = YES;
				CLANG_WARN_UNGUARDED_AVAILABILITY = YES_AGGRESSIVE;
				CLANG_WARN_UNREACHABLE_CODE = YES;
				CLANG_WARN__DUPLICATE_METHOD_MATCH = YES;
				COPY_PHASE_STRIP = NO;
				DEBUG_INFORMATION_FORMAT = dwarf;
				ENABLE_STRICT_OBJC_MSGSEND = YES;
				ENABLE_TESTABILITY = YES;
				GCC_C_LANGUAGE_STANDARD = gnu11;
				GCC_DYNAMIC_NO_PIC = NO;
				GCC_NO_COMMON_BLOCKS = YES;
				GCC_OPTIMIZATION_LEVEL = 0;
				GCC_PREPROCESSOR_DEFINITIONS = (
					"DEBUG=1",
					"$(inherited)",
				);
				GCC_WARN_64_TO_32_BIT_CONVERSION = YES;
				GCC_WARN_ABOUT_RETURN_TYPE = YES_ERROR;
				GCC_WARN_UNDECLARED_SELECTOR = YES;
				GCC_WARN_UNINITIALIZED_AUTOS = YES_AGGRESSIVE;
				GCC_WARN_UNUSED_FUNCTION = YES;
				GCC_WARN_UNUSED_VARIABLE = YES;
				IPHONEOS_DEPLOYMENT_TARGET = 15.4;
				MTL_ENABLE_DEBUG_INFO = INCLUDE_SOURCE;
				MTL_FAST_MATH = YES;
				ONLY_ACTIVE_ARCH = YES;
				SDKROOT = iphoneos;
				SWIFT_ACTIVE_COMPILATION_CONDITIONS = DEBUG;
				SWIFT_OPTIMIZATION_LEVEL = "-Onone";
			};
			name = Debug;
		};
		4AAD4419286CD40400091F9C /* Release */ = {
			isa = XCBuildConfiguration;
			buildSettings = {
				ALWAYS_SEARCH_USER_PATHS = NO;
				CLANG_ANALYZER_NONNULL = YES;
				CLANG_ANALYZER_NUMBER_OBJECT_CONVERSION = YES_AGGRESSIVE;
				CLANG_CXX_LANGUAGE_STANDARD = "gnu++17";
				CLANG_ENABLE_MODULES = YES;
				CLANG_ENABLE_OBJC_ARC = YES;
				CLANG_ENABLE_OBJC_WEAK = YES;
				CLANG_WARN_BLOCK_CAPTURE_AUTORELEASING = YES;
				CLANG_WARN_BOOL_CONVERSION = YES;
				CLANG_WARN_COMMA = YES;
				CLANG_WARN_CONSTANT_CONVERSION = YES;
				CLANG_WARN_DEPRECATED_OBJC_IMPLEMENTATIONS = YES;
				CLANG_WARN_DIRECT_OBJC_ISA_USAGE = YES_ERROR;
				CLANG_WARN_DOCUMENTATION_COMMENTS = YES;
				CLANG_WARN_EMPTY_BODY = YES;
				CLANG_WARN_ENUM_CONVERSION = YES;
				CLANG_WARN_INFINITE_RECURSION = YES;
				CLANG_WARN_INT_CONVERSION = YES;
				CLANG_WARN_NON_LITERAL_NULL_CONVERSION = YES;
				CLANG_WARN_OBJC_IMPLICIT_RETAIN_SELF = YES;
				CLANG_WARN_OBJC_LITERAL_CONVERSION = YES;
				CLANG_WARN_OBJC_ROOT_CLASS = YES_ERROR;
				CLANG_WARN_QUOTED_INCLUDE_IN_FRAMEWORK_HEADER = YES;
				CLANG_WARN_RANGE_LOOP_ANALYSIS = YES;
				CLANG_WARN_STRICT_PROTOTYPES = YES;
				CLANG_WARN_SUSPICIOUS_MOVE = YES;
				CLANG_WARN_UNGUARDED_AVAILABILITY = YES_AGGRESSIVE;
				CLANG_WARN_UNREACHABLE_CODE = YES;
				CLANG_WARN__DUPLICATE_METHOD_MATCH = YES;
				COPY_PHASE_STRIP = NO;
				DEBUG_INFORMATION_FORMAT = "dwarf-with-dsym";
				ENABLE_NS_ASSERTIONS = NO;
				ENABLE_STRICT_OBJC_MSGSEND = YES;
				GCC_C_LANGUAGE_STANDARD = gnu11;
				GCC_NO_COMMON_BLOCKS = YES;
				GCC_WARN_64_TO_32_BIT_CONVERSION = YES;
				GCC_WARN_ABOUT_RETURN_TYPE = YES_ERROR;
				GCC_WARN_UNDECLARED_SELECTOR = YES;
				GCC_WARN_UNINITIALIZED_AUTOS = YES_AGGRESSIVE;
				GCC_WARN_UNUSED_FUNCTION = YES;
				GCC_WARN_UNUSED_VARIABLE = YES;
				IPHONEOS_DEPLOYMENT_TARGET = 15.4;
				MTL_ENABLE_DEBUG_INFO = NO;
				MTL_FAST_MATH = YES;
				SDKROOT = iphoneos;
				SWIFT_COMPILATION_MODE = wholemodule;
				SWIFT_OPTIMIZATION_LEVEL = "-O";
				VALIDATE_PRODUCT = YES;
			};
			name = Release;
		};
		4AAD441B286CD40400091F9C /* Debug */ = {
			isa = XCBuildConfiguration;
			buildSettings = {
				ASSETCATALOG_COMPILER_APPICON_NAME = AppIcon;
				ASSETCATALOG_COMPILER_GLOBAL_ACCENT_COLOR_NAME = AccentColor;
				CODE_SIGN_STYLE = Automatic;
				CURRENT_PROJECT_VERSION = 1;
				DEVELOPMENT_ASSET_PATHS = "\"Mood-SwiftUI/Preview Content\"";
				DEVELOPMENT_TEAM = H8TYQ3J2FN;
				ENABLE_PREVIEWS = YES;
				GENERATE_INFOPLIST_FILE = YES;
				INFOPLIST_KEY_UIApplicationSceneManifest_Generation = YES;
				INFOPLIST_KEY_UIApplicationSupportsIndirectInputEvents = YES;
				INFOPLIST_KEY_UILaunchScreen_Generation = YES;
				INFOPLIST_KEY_UISupportedInterfaceOrientations_iPad = "UIInterfaceOrientationPortrait UIInterfaceOrientationPortraitUpsideDown UIInterfaceOrientationLandscapeLeft UIInterfaceOrientationLandscapeRight";
				INFOPLIST_KEY_UISupportedInterfaceOrientations_iPhone = "UIInterfaceOrientationPortrait UIInterfaceOrientationLandscapeLeft UIInterfaceOrientationLandscapeRight";
				LD_RUNPATH_SEARCH_PATHS = (
					"$(inherited)",
					"@executable_path/Frameworks",
				);
				MARKETING_VERSION = 1.0;
				PRODUCT_BUNDLE_IDENTIFIER = "scg.Mood-SwiftUI";
				PRODUCT_NAME = "$(TARGET_NAME)";
				SWIFT_EMIT_LOC_STRINGS = YES;
				SWIFT_VERSION = 5.0;
				TARGETED_DEVICE_FAMILY = "1,2";
			};
			name = Debug;
		};
		4AAD441C286CD40400091F9C /* Release */ = {
			isa = XCBuildConfiguration;
			buildSettings = {
				ASSETCATALOG_COMPILER_APPICON_NAME = AppIcon;
				ASSETCATALOG_COMPILER_GLOBAL_ACCENT_COLOR_NAME = AccentColor;
				CODE_SIGN_STYLE = Automatic;
				CURRENT_PROJECT_VERSION = 1;
				DEVELOPMENT_ASSET_PATHS = "\"Mood-SwiftUI/Preview Content\"";
				DEVELOPMENT_TEAM = H8TYQ3J2FN;
				ENABLE_PREVIEWS = YES;
				GENERATE_INFOPLIST_FILE = YES;
				INFOPLIST_KEY_UIApplicationSceneManifest_Generation = YES;
				INFOPLIST_KEY_UIApplicationSupportsIndirectInputEvents = YES;
				INFOPLIST_KEY_UILaunchScreen_Generation = YES;
				INFOPLIST_KEY_UISupportedInterfaceOrientations_iPad = "UIInterfaceOrientationPortrait UIInterfaceOrientationPortraitUpsideDown UIInterfaceOrientationLandscapeLeft UIInterfaceOrientationLandscapeRight";
				INFOPLIST_KEY_UISupportedInterfaceOrientations_iPhone = "UIInterfaceOrientationPortrait UIInterfaceOrientationLandscapeLeft UIInterfaceOrientationLandscapeRight";
				LD_RUNPATH_SEARCH_PATHS = (
					"$(inherited)",
					"@executable_path/Frameworks",
				);
				MARKETING_VERSION = 1.0;
				PRODUCT_BUNDLE_IDENTIFIER = "scg.Mood-SwiftUI";
				PRODUCT_NAME = "$(TARGET_NAME)";
				SWIFT_EMIT_LOC_STRINGS = YES;
				SWIFT_VERSION = 5.0;
				TARGETED_DEVICE_FAMILY = "1,2";
			};
			name = Release;
		};
/* End XCBuildConfiguration section */

/* Begin XCConfigurationList section */
		4AAD4402286CD40200091F9C /* Build configuration list for PBXProject "Mood-SwiftUI" */ = {
			isa = XCConfigurationList;
			buildConfigurations = (
				4AAD4418286CD40400091F9C /* Debug */,
				4AAD4419286CD40400091F9C /* Release */,
			);
			defaultConfigurationIsVisible = 0;
			defaultConfigurationName = Release;
		};
		4AAD441A286CD40400091F9C /* Build configuration list for PBXNativeTarget "Mood-SwiftUI" */ = {
			isa = XCConfigurationList;
			buildConfigurations = (
				4AAD441B286CD40400091F9C /* Debug */,
				4AAD441C286CD40400091F9C /* Release */,
			);
			defaultConfigurationIsVisible = 0;
			defaultConfigurationName = Release;
		};
/* End XCConfigurationList section */

/* Begin XCVersionGroup section */
		4AC16FFC287688FC0051B9FB /* Mood.xcdatamodeld */ = {
			isa = XCVersionGroup;
			children = (
				4AC16FFD287688FC0051B9FB /* Mood.xcdatamodel */,
			);
			currentVersion = 4AC16FFD287688FC0051B9FB /* Mood.xcdatamodel */;
			path = Mood.xcdatamodeld;
			sourceTree = "<group>";
			versionGroupType = wrapper.xcdatamodel;
		};
/* End XCVersionGroup section */
	};
	rootObject = 4AAD43FF286CD40200091F9C /* Project object */;
}
